
Microsoft Visual Studio Solution File, Format Version 12.00
# Visual Studio 2012
# SharpDevelop 5.1
VisualStudioVersion = 12.0.20827.3
MinimumVisualStudioVersion = 10.0.40219.1
Project("{FAE04EC0-301F-11D3-BF4B-00C04F79EFBC}") = "EpicCashWallet", "EpicCashWallet\EpicCashWallet.csproj", "{C9538B88-0A9A-44B0-85D9-ECCC23A27779}"
EndProject
Project("{FAE04EC0-301F-11D3-BF4B-00C04F79EFBC}") = "epicwalletcheck", "epicwalletcheck\epicwalletcheck\epicwalletcheck.csproj", "{ACE654B6-8119-4332-8252-7527DF220E8D}"
EndProject
Project("{FAE04EC0-301F-11D3-BF4B-00C04F79EFBC}") = "epicwalletsend", "epicwalletsend\epicwalletsend.csproj", "{16D7AB91-7335-4803-867C-AA359BACB79B}"
EndProject
Global
	GlobalSection(SolutionConfigurationPlatforms) = preSolution
		Debug|Any CPU = Debug|Any CPU
		Release|Any CPU = Release|Any CPU
	EndGlobalSection
	GlobalSection(ProjectConfigurationPlatforms) = postSolution
		{C9538B88-0A9A-44B0-85D9-ECCC23A27779}.Debug|Any CPU.ActiveCfg = Debug|Any CPU
		{C9538B88-0A9A-44B0-85D9-ECCC23A27779}.Debug|Any CPU.Build.0 = Debug|Any CPU
		{C9538B88-0A9A-44B0-85D9-ECCC23A27779}.Release|Any CPU.ActiveCfg = Release|Any CPU
		{C9538B88-0A9A-44B0-85D9-ECCC23A27779}.Release|Any CPU.Build.0 = Release|Any CPU
		{ACE654B6-8119-4332-8252-7527DF220E8D}.Debug|Any CPU.ActiveCfg = Debug|Any CPU
		{ACE654B6-8119-4332-8252-7527DF220E8D}.Debug|Any CPU.Build.0 = Debug|Any CPU
		{ACE654B6-8119-4332-8252-7527DF220E8D}.Release|Any CPU.ActiveCfg = Release|Any CPU
		{ACE654B6-8119-4332-8252-7527DF220E8D}.Release|Any CPU.Build.0 = Release|Any CPU
		{16D7AB91-7335-4803-867C-AA359BACB79B}.Debug|Any CPU.ActiveCfg = Debug|Any CPU
		{16D7AB91-7335-4803-867C-AA359BACB79B}.Debug|Any CPU.Build.0 = Debug|Any CPU
		{16D7AB91-7335-4803-867C-AA359BACB79B}.Release|Any CPU.ActiveCfg = Release|Any CPU
		{16D7AB91-7335-4803-867C-AA359BACB79B}.Release|Any CPU.Build.0 = Release|Any CPU
	EndGlobalSection
EndGlobal
